Microsoft Visual Studio Solution File, Format Version 12.00
# Visual Studio Version 17
VisualStudioVersion = 17.5.2.0
MinimumVisualStudioVersion = 10.0.40219.1
Project("{FAE04EC0-301F-11D3-BF4B-00C04F79EFBC}") = "MVC_Consume_FlightWebPI", "MVC_Consume_FlightWebPI.csproj", "{28FFD83E-6DF3-359D-2492-1BC5CA81CDE9}"
EndProject
Global
	GlobalSection(SolutionConfigurationPlatforms) = preSolution
		Debug|Any CPU = Debug|Any CPU
		Release|Any CPU = Release|Any CPU
	EndGlobalSection
	GlobalSection(ProjectConfigurationPlatforms) = postSolution
		{28FFD83E-6DF3-359D-2492-1BC5CA81CDE9}.Debug|Any CPU.ActiveCfg = Debug|Any CPU
		{28FFD83E-6DF3-359D-2492-1BC5CA81CDE9}.Debug|Any CPU.Build.0 = Debug|Any CPU
		{28FFD83E-6DF3-359D-2492-1BC5CA81CDE9}.Release|Any CPU.ActiveCfg = Release|Any CPU
		{28FFD83E-6DF3-359D-2492-1BC5CA81CDE9}.Release|Any CPU.Build.0 = Release|Any CPU
	EndGlobalSection
	GlobalSection(SolutionProperties) = preSolution
		HideSolutionNode = FALSE
	EndGlobalSection
	GlobalSection(ExtensibilityGlobals) = postSolution
		SolutionGuid = {17849D0F-113F-4C32-9721-B9A624A781D6}
	EndGlobalSection
EndGlobal
